
Microsoft Visual Studio Solution File, Format Version 12.00
# Visual Studio Version 16
VisualStudioVersion = 16.0.31624.102
MinimumVisualStudioVersion = 10.0.40219.1
Project("{888888A0-9F3D-457C-B088-3A5042F75D52}") = "smp_lab3", "smp_lab3\smp_lab3.pyproj", "{DB2718F2-EB7F-4562-969B-19B9EA5DBDF6}"
EndProject
Global
	GlobalSection(SolutionConfigurationPlatforms) = preSolution
		Debug|Any CPU = Debug|Any CPU
		Release|Any CPU = Release|Any CPU
	EndGlobalSection
	GlobalSection(ProjectConfigurationPlatforms) = postSolution
		{DB2718F2-EB7F-4562-969B-19B9EA5DBDF6}.Debug|Any CPU.ActiveCfg = Debug|Any CPU
		{DB2718F2-EB7F-4562-969B-19B9EA5DBDF6}.Release|Any CPU.ActiveCfg = Release|Any CPU
	EndGlobalSection
	GlobalSection(SolutionProperties) = preSolution
		HideSolutionNode = FALSE
	EndGlobalSection
	GlobalSection(ExtensibilityGlobals) = postSolution
		SolutionGuid = {B133AE16-3F0B-4D76-B6C0-79FE39DB05AA}
	EndGlobalSection
EndGlobal
